<?xml version="1.0" encoding="utf-8"?>
<Project ToolsVersion="4.0" xmlns="http://schemas.microsoft.com/developer/msbuild/2003">
  <ItemGroup>
    <Filter Include="Tests">
      <UniqueIdentifier>{7721C16D-204B-43DE-93D2-E9391BC12507}</UniqueIdentifier>
    </Filter>
  </ItemGroup>
  <ItemGroup>
    <ClCompile Include="tests\roundtrip_test.cpp">
      <Filter>Tests</Filter>
    </ClCompile>
  </ItemGroup>
</Project>
